
Microsoft Visual Studio Solution File, Format Version 12.00
# Visual Studio Version 17
VisualStudioVersion = 17.2.32616.157
MinimumVisualStudioVersion = 10.0.40219.1
Project("{FAE04EC0-301F-11D3-BF4B-00C04F79EFBC}") = "Gemstones", "Gemstones\Gemstones.csproj", "{07DA640B-34B3-4AD3-A93F-7AD6BD3218B9}"
EndProject
Global
	GlobalSection(SolutionConfigurationPlatforms) = preSolution
		Debug|Any CPU = Debug|Any CPU
		Release|Any CPU = Release|Any CPU
	EndGlobalSection
	GlobalSection(ProjectConfigurationPlatforms) = postSolution
		{07DA640B-34B3-4AD3-A93F-7AD6BD3218B9}.Debug|Any CPU.ActiveCfg = Debug|Any CPU
		{07DA640B-34B3-4AD3-A93F-7AD6BD3218B9}.Debug|Any CPU.Build.0 = Debug|Any CPU
		{07DA640B-34B3-4AD3-A93F-7AD6BD3218B9}.Release|Any CPU.ActiveCfg = Release|Any CPU
		{07DA640B-34B3-4AD3-A93F-7AD6BD3218B9}.Release|Any CPU.Build.0 = Release|Any CPU
	EndGlobalSection
	GlobalSection(SolutionProperties) = preSolution
		HideSolutionNode = FALSE
	EndGlobalSection
	GlobalSection(ExtensibilityGlobals) = postSolution
		SolutionGuid = {92F7D798-93DF-4F3F-885E-499B760D148C}
	EndGlobalSection
EndGlobal
