
Microsoft Visual Studio Solution File, Format Version 12.00
# Visual Studio Version 17
VisualStudioVersion = 17.2.32616.157
MinimumVisualStudioVersion = 10.0.40219.1
Project("{FAE04EC0-301F-11D3-BF4B-00C04F79EFBC}") = "MigratoryBirds", "MigratoryBirds\MigratoryBirds.csproj", "{6002C193-B52D-4882-9119-71B40CF7C457}"
EndProject
Global
	GlobalSection(SolutionConfigurationPlatforms) = preSolution
		Debug|Any CPU = Debug|Any CPU
		Release|Any CPU = Release|Any CPU
	EndGlobalSection
	GlobalSection(ProjectConfigurationPlatforms) = postSolution
		{6002C193-B52D-4882-9119-71B40CF7C457}.Debug|Any CPU.ActiveCfg = Debug|Any CPU
		{6002C193-B52D-4882-9119-71B40CF7C457}.Debug|Any CPU.Build.0 = Debug|Any CPU
		{6002C193-B52D-4882-9119-71B40CF7C457}.Release|Any CPU.ActiveCfg = Release|Any CPU
		{6002C193-B52D-4882-9119-71B40CF7C457}.Release|Any CPU.Build.0 = Release|Any CPU
	EndGlobalSection
	GlobalSection(SolutionProperties) = preSolution
		HideSolutionNode = FALSE
	EndGlobalSection
	GlobalSection(ExtensibilityGlobals) = postSolution
		SolutionGuid = {240F96E1-500C-4648-AB1F-B0CB41CFA510}
	EndGlobalSection
EndGlobal
