
Microsoft Visual Studio Solution File, Format Version 12.00
# Visual Studio Version 17
VisualStudioVersion = 17.2.32616.157
MinimumVisualStudioVersion = 10.0.40219.1
Project("{FAE04EC0-301F-11D3-BF4B-00C04F79EFBC}") = "IceCreamParlor", "IceCreamParlor.csproj", "{A6FF0B0D-A144-41E9-A8BA-C2712C2DC95B}"
EndProject
Global
	GlobalSection(SolutionConfigurationPlatforms) = preSolution
		Debug|Any CPU = Debug|Any CPU
		Release|Any CPU = Release|Any CPU
	EndGlobalSection
	GlobalSection(ProjectConfigurationPlatforms) = postSolution
		{A6FF0B0D-A144-41E9-A8BA-C2712C2DC95B}.Debug|Any CPU.ActiveCfg = Debug|Any CPU
		{A6FF0B0D-A144-41E9-A8BA-C2712C2DC95B}.Debug|Any CPU.Build.0 = Debug|Any CPU
		{A6FF0B0D-A144-41E9-A8BA-C2712C2DC95B}.Release|Any CPU.ActiveCfg = Release|Any CPU
		{A6FF0B0D-A144-41E9-A8BA-C2712C2DC95B}.Release|Any CPU.Build.0 = Release|Any CPU
	EndGlobalSection
	GlobalSection(SolutionProperties) = preSolution
		HideSolutionNode = FALSE
	EndGlobalSection
	GlobalSection(ExtensibilityGlobals) = postSolution
		SolutionGuid = {187ABA08-830C-4675-86CD-7E88A4476743}
	EndGlobalSection
EndGlobal
