
Microsoft Visual Studio Solution File, Format Version 12.00
# Visual Studio Version 17
VisualStudioVersion = 17.2.32616.157
MinimumVisualStudioVersion = 10.0.40219.1
Project("{FAE04EC0-301F-11D3-BF4B-00C04F79EFBC}") = "CountingValleys", "CountingValleys\CountingValleys.csproj", "{60933FBE-F363-40F5-8628-8528BE0C33EB}"
EndProject
Global
	GlobalSection(SolutionConfigurationPlatforms) = preSolution
		Debug|Any CPU = Debug|Any CPU
		Release|Any CPU = Release|Any CPU
	EndGlobalSection
	GlobalSection(ProjectConfigurationPlatforms) = postSolution
		{60933FBE-F363-40F5-8628-8528BE0C33EB}.Debug|Any CPU.ActiveCfg = Debug|Any CPU
		{60933FBE-F363-40F5-8628-8528BE0C33EB}.Debug|Any CPU.Build.0 = Debug|Any CPU
		{60933FBE-F363-40F5-8628-8528BE0C33EB}.Release|Any CPU.ActiveCfg = Release|Any CPU
		{60933FBE-F363-40F5-8628-8528BE0C33EB}.Release|Any CPU.Build.0 = Release|Any CPU
	EndGlobalSection
	GlobalSection(SolutionProperties) = preSolution
		HideSolutionNode = FALSE
	EndGlobalSection
	GlobalSection(ExtensibilityGlobals) = postSolution
		SolutionGuid = {3C7B5ADA-5650-4ACF-B9AF-162CA6B4813E}
	EndGlobalSection
EndGlobal
