
Microsoft Visual Studio Solution File, Format Version 12.00
# Visual Studio Version 17
VisualStudioVersion = 17.2.32616.157
MinimumVisualStudioVersion = 10.0.40219.1
Project("{FAE04EC0-301F-11D3-BF4B-00C04F79EFBC}") = "DoWhileDongusuAlistirmalar1", "DoWhileDongusuAlistirmalar1\DoWhileDongusuAlistirmalar1.csproj", "{88FC68B1-DB76-476B-AD9C-EC498C3EFE27}"
EndProject
Global
	GlobalSection(SolutionConfigurationPlatforms) = preSolution
		Debug|Any CPU = Debug|Any CPU
		Release|Any CPU = Release|Any CPU
	EndGlobalSection
	GlobalSection(ProjectConfigurationPlatforms) = postSolution
		{88FC68B1-DB76-476B-AD9C-EC498C3EFE27}.Debug|Any CPU.ActiveCfg = Debug|Any CPU
		{88FC68B1-DB76-476B-AD9C-EC498C3EFE27}.Debug|Any CPU.Build.0 = Debug|Any CPU
		{88FC68B1-DB76-476B-AD9C-EC498C3EFE27}.Release|Any CPU.ActiveCfg = Release|Any CPU
		{88FC68B1-DB76-476B-AD9C-EC498C3EFE27}.Release|Any CPU.Build.0 = Release|Any CPU
	EndGlobalSection
	GlobalSection(SolutionProperties) = preSolution
		HideSolutionNode = FALSE
	EndGlobalSection
	GlobalSection(ExtensibilityGlobals) = postSolution
		SolutionGuid = {50E7C2F4-365C-462C-ACEE-F638F3669059}
	EndGlobalSection
EndGlobal
