
Microsoft Visual Studio Solution File, Format Version 12.00
# Visual Studio Version 17
VisualStudioVersion = 17.2.32616.157
MinimumVisualStudioVersion = 10.0.40219.1
Project("{FAE04EC0-301F-11D3-BF4B-00C04F79EFBC}") = "MaxProductOfThree", "MaxProductOfThree\MaxProductOfThree.csproj", "{0D53C013-EA35-4576-A2E0-59EE7548C894}"
EndProject
Global
	GlobalSection(SolutionConfigurationPlatforms) = preSolution
		Debug|Any CPU = Debug|Any CPU
		Release|Any CPU = Release|Any CPU
	EndGlobalSection
	GlobalSection(ProjectConfigurationPlatforms) = postSolution
		{0D53C013-EA35-4576-A2E0-59EE7548C894}.Debug|Any CPU.ActiveCfg = Debug|Any CPU
		{0D53C013-EA35-4576-A2E0-59EE7548C894}.Debug|Any CPU.Build.0 = Debug|Any CPU
		{0D53C013-EA35-4576-A2E0-59EE7548C894}.Release|Any CPU.ActiveCfg = Release|Any CPU
		{0D53C013-EA35-4576-A2E0-59EE7548C894}.Release|Any CPU.Build.0 = Release|Any CPU
	EndGlobalSection
	GlobalSection(SolutionProperties) = preSolution
		HideSolutionNode = FALSE
	EndGlobalSection
	GlobalSection(ExtensibilityGlobals) = postSolution
		SolutionGuid = {8C81BBE7-6105-4DE0-B32C-016E33023B9B}
	EndGlobalSection
EndGlobal
