
Microsoft Visual Studio Solution File, Format Version 12.00
# Visual Studio Version 17
VisualStudioVersion = 17.2.32616.157
MinimumVisualStudioVersion = 10.0.40219.1
Project("{FAE04EC0-301F-11D3-BF4B-00C04F79EFBC}") = "HashSet", "HashSet\HashSet.csproj", "{9C7B2DF3-2F05-426F-8DCF-F945B3875D5A}"
EndProject
Global
	GlobalSection(SolutionConfigurationPlatforms) = preSolution
		Debug|Any CPU = Debug|Any CPU
		Release|Any CPU = Release|Any CPU
	EndGlobalSection
	GlobalSection(ProjectConfigurationPlatforms) = postSolution
		{9C7B2DF3-2F05-426F-8DCF-F945B3875D5A}.Debug|Any CPU.ActiveCfg = Debug|Any CPU
		{9C7B2DF3-2F05-426F-8DCF-F945B3875D5A}.Debug|Any CPU.Build.0 = Debug|Any CPU
		{9C7B2DF3-2F05-426F-8DCF-F945B3875D5A}.Release|Any CPU.ActiveCfg = Release|Any CPU
		{9C7B2DF3-2F05-426F-8DCF-F945B3875D5A}.Release|Any CPU.Build.0 = Release|Any CPU
	EndGlobalSection
	GlobalSection(SolutionProperties) = preSolution
		HideSolutionNode = FALSE
	EndGlobalSection
	GlobalSection(ExtensibilityGlobals) = postSolution
		SolutionGuid = {17C57B0D-2488-4A88-BFB8-E9828673E67F}
	EndGlobalSection
EndGlobal
