
Microsoft Visual Studio Solution File, Format Version 12.00
# Visual Studio Version 17
VisualStudioVersion = 17.2.32616.157
MinimumVisualStudioVersion = 10.0.40219.1
Project("{FAE04EC0-301F-11D3-BF4B-00C04F79EFBC}") = "PermMissingElem", "PermMissingElem\PermMissingElem.csproj", "{E99A4915-86A6-4DB5-AABF-4AE54E27E232}"
EndProject
Global
	GlobalSection(SolutionConfigurationPlatforms) = preSolution
		Debug|Any CPU = Debug|Any CPU
		Release|Any CPU = Release|Any CPU
	EndGlobalSection
	GlobalSection(ProjectConfigurationPlatforms) = postSolution
		{E99A4915-86A6-4DB5-AABF-4AE54E27E232}.Debug|Any CPU.ActiveCfg = Debug|Any CPU
		{E99A4915-86A6-4DB5-AABF-4AE54E27E232}.Debug|Any CPU.Build.0 = Debug|Any CPU
		{E99A4915-86A6-4DB5-AABF-4AE54E27E232}.Release|Any CPU.ActiveCfg = Release|Any CPU
		{E99A4915-86A6-4DB5-AABF-4AE54E27E232}.Release|Any CPU.Build.0 = Release|Any CPU
	EndGlobalSection
	GlobalSection(SolutionProperties) = preSolution
		HideSolutionNode = FALSE
	EndGlobalSection
	GlobalSection(ExtensibilityGlobals) = postSolution
		SolutionGuid = {30F87B89-BCC3-4012-8453-A9EBB255D9A4}
	EndGlobalSection
EndGlobal
