
Microsoft Visual Studio Solution File, Format Version 12.00
# Visual Studio Version 17
VisualStudioVersion = 17.2.32616.157
MinimumVisualStudioVersion = 10.0.40219.1
Project("{FAE04EC0-301F-11D3-BF4B-00C04F79EFBC}") = "DegiskenAlistirmalar1", "DegiskenAlistirmalar1\DegiskenAlistirmalar1.csproj", "{01860659-F481-4DAC-89AF-70EEFF5E9DD5}"
EndProject
Global
	GlobalSection(SolutionConfigurationPlatforms) = preSolution
		Debug|Any CPU = Debug|Any CPU
		Release|Any CPU = Release|Any CPU
	EndGlobalSection
	GlobalSection(ProjectConfigurationPlatforms) = postSolution
		{01860659-F481-4DAC-89AF-70EEFF5E9DD5}.Debug|Any CPU.ActiveCfg = Debug|Any CPU
		{01860659-F481-4DAC-89AF-70EEFF5E9DD5}.Debug|Any CPU.Build.0 = Debug|Any CPU
		{01860659-F481-4DAC-89AF-70EEFF5E9DD5}.Release|Any CPU.ActiveCfg = Release|Any CPU
		{01860659-F481-4DAC-89AF-70EEFF5E9DD5}.Release|Any CPU.Build.0 = Release|Any CPU
	EndGlobalSection
	GlobalSection(SolutionProperties) = preSolution
		HideSolutionNode = FALSE
	EndGlobalSection
	GlobalSection(ExtensibilityGlobals) = postSolution
		SolutionGuid = {C880B66E-B13F-4AC4-9D84-44F315D3DA42}
	EndGlobalSection
EndGlobal
