
Microsoft Visual Studio Solution File, Format Version 12.00
# Visual Studio Version 17
VisualStudioVersion = 17.2.32616.157
MinimumVisualStudioVersion = 10.0.40219.1
Project("{FAE04EC0-301F-11D3-BF4B-00C04F79EFBC}") = "KararYapilariAlistirmalar2", "KararYapilariAlistirmalar2\KararYapilariAlistirmalar2.csproj", "{4D518370-8CD1-4263-9105-2F4FDB6AFAD4}"
EndProject
Global
	GlobalSection(SolutionConfigurationPlatforms) = preSolution
		Debug|Any CPU = Debug|Any CPU
		Release|Any CPU = Release|Any CPU
	EndGlobalSection
	GlobalSection(ProjectConfigurationPlatforms) = postSolution
		{4D518370-8CD1-4263-9105-2F4FDB6AFAD4}.Debug|Any CPU.ActiveCfg = Debug|Any CPU
		{4D518370-8CD1-4263-9105-2F4FDB6AFAD4}.Debug|Any CPU.Build.0 = Debug|Any CPU
		{4D518370-8CD1-4263-9105-2F4FDB6AFAD4}.Release|Any CPU.ActiveCfg = Release|Any CPU
		{4D518370-8CD1-4263-9105-2F4FDB6AFAD4}.Release|Any CPU.Build.0 = Release|Any CPU
	EndGlobalSection
	GlobalSection(SolutionProperties) = preSolution
		HideSolutionNode = FALSE
	EndGlobalSection
	GlobalSection(ExtensibilityGlobals) = postSolution
		SolutionGuid = {8E9468E7-FD59-4D5B-B0F8-EEF3D90FAADE}
	EndGlobalSection
EndGlobal
