
Microsoft Visual Studio Solution File, Format Version 12.00
# Visual Studio Version 17
VisualStudioVersion = 17.2.32616.157
MinimumVisualStudioVersion = 10.0.40219.1
Project("{FAE04EC0-301F-11D3-BF4B-00C04F79EFBC}") = "Pangrams", "Pangrams\Pangrams.csproj", "{0211B0CC-0C5F-495F-93AF-9E82DA594999}"
EndProject
Global
	GlobalSection(SolutionConfigurationPlatforms) = preSolution
		Debug|Any CPU = Debug|Any CPU
		Release|Any CPU = Release|Any CPU
	EndGlobalSection
	GlobalSection(ProjectConfigurationPlatforms) = postSolution
		{0211B0CC-0C5F-495F-93AF-9E82DA594999}.Debug|Any CPU.ActiveCfg = Debug|Any CPU
		{0211B0CC-0C5F-495F-93AF-9E82DA594999}.Debug|Any CPU.Build.0 = Debug|Any CPU
		{0211B0CC-0C5F-495F-93AF-9E82DA594999}.Release|Any CPU.ActiveCfg = Release|Any CPU
		{0211B0CC-0C5F-495F-93AF-9E82DA594999}.Release|Any CPU.Build.0 = Release|Any CPU
	EndGlobalSection
	GlobalSection(SolutionProperties) = preSolution
		HideSolutionNode = FALSE
	EndGlobalSection
	GlobalSection(ExtensibilityGlobals) = postSolution
		SolutionGuid = {FEC8306D-71A2-40C1-81A0-41EB58047914}
	EndGlobalSection
EndGlobal
