
Microsoft Visual Studio Solution File, Format Version 12.00
# Visual Studio Version 17
VisualStudioVersion = 17.2.32616.157
MinimumVisualStudioVersion = 10.0.40219.1
Project("{FAE04EC0-301F-11D3-BF4B-00C04F79EFBC}") = "MetotGenelTanim", "MetotGenelTanim\MetotGenelTanim.csproj", "{6F187828-B013-4CED-BD2C-676F4115C17A}"
EndProject
Global
	GlobalSection(SolutionConfigurationPlatforms) = preSolution
		Debug|Any CPU = Debug|Any CPU
		Release|Any CPU = Release|Any CPU
	EndGlobalSection
	GlobalSection(ProjectConfigurationPlatforms) = postSolution
		{6F187828-B013-4CED-BD2C-676F4115C17A}.Debug|Any CPU.ActiveCfg = Debug|Any CPU
		{6F187828-B013-4CED-BD2C-676F4115C17A}.Debug|Any CPU.Build.0 = Debug|Any CPU
		{6F187828-B013-4CED-BD2C-676F4115C17A}.Release|Any CPU.ActiveCfg = Release|Any CPU
		{6F187828-B013-4CED-BD2C-676F4115C17A}.Release|Any CPU.Build.0 = Release|Any CPU
	EndGlobalSection
	GlobalSection(SolutionProperties) = preSolution
		HideSolutionNode = FALSE
	EndGlobalSection
	GlobalSection(ExtensibilityGlobals) = postSolution
		SolutionGuid = {DDA119A9-BA0A-4CB7-AA1A-51F2C85773F3}
	EndGlobalSection
EndGlobal
