
Microsoft Visual Studio Solution File, Format Version 12.00
# Visual Studio Version 17
VisualStudioVersion = 17.2.32616.157
MinimumVisualStudioVersion = 10.0.40219.1
Project("{FAE04EC0-301F-11D3-BF4B-00C04F79EFBC}") = "Delegate", "Delegate\Delegate.csproj", "{5CD7993E-B5B5-4AD6-94F2-C2DBC0890DC4}"
EndProject
Global
	GlobalSection(SolutionConfigurationPlatforms) = preSolution
		Debug|Any CPU = Debug|Any CPU
		Release|Any CPU = Release|Any CPU
	EndGlobalSection
	GlobalSection(ProjectConfigurationPlatforms) = postSolution
		{5CD7993E-B5B5-4AD6-94F2-C2DBC0890DC4}.Debug|Any CPU.ActiveCfg = Debug|Any CPU
		{5CD7993E-B5B5-4AD6-94F2-C2DBC0890DC4}.Debug|Any CPU.Build.0 = Debug|Any CPU
		{5CD7993E-B5B5-4AD6-94F2-C2DBC0890DC4}.Release|Any CPU.ActiveCfg = Release|Any CPU
		{5CD7993E-B5B5-4AD6-94F2-C2DBC0890DC4}.Release|Any CPU.Build.0 = Release|Any CPU
	EndGlobalSection
	GlobalSection(SolutionProperties) = preSolution
		HideSolutionNode = FALSE
	EndGlobalSection
	GlobalSection(ExtensibilityGlobals) = postSolution
		SolutionGuid = {25986534-35FB-4BD1-B2D2-A206779CF801}
	EndGlobalSection
EndGlobal
