
Microsoft Visual Studio Solution File, Format Version 12.00
# Visual Studio Version 17
VisualStudioVersion = 17.2.32616.157
MinimumVisualStudioVersion = 10.0.40219.1
Project("{FAE04EC0-301F-11D3-BF4B-00C04F79EFBC}") = "SubarrayDivision", "SubarrayDivision\SubarrayDivision.csproj", "{952F7C7B-F203-4844-89C9-FDFFF5587F85}"
EndProject
Global
	GlobalSection(SolutionConfigurationPlatforms) = preSolution
		Debug|Any CPU = Debug|Any CPU
		Release|Any CPU = Release|Any CPU
	EndGlobalSection
	GlobalSection(ProjectConfigurationPlatforms) = postSolution
		{952F7C7B-F203-4844-89C9-FDFFF5587F85}.Debug|Any CPU.ActiveCfg = Debug|Any CPU
		{952F7C7B-F203-4844-89C9-FDFFF5587F85}.Debug|Any CPU.Build.0 = Debug|Any CPU
		{952F7C7B-F203-4844-89C9-FDFFF5587F85}.Release|Any CPU.ActiveCfg = Release|Any CPU
		{952F7C7B-F203-4844-89C9-FDFFF5587F85}.Release|Any CPU.Build.0 = Release|Any CPU
	EndGlobalSection
	GlobalSection(SolutionProperties) = preSolution
		HideSolutionNode = FALSE
	EndGlobalSection
	GlobalSection(ExtensibilityGlobals) = postSolution
		SolutionGuid = {FF1079B8-F993-43D7-9B17-661342FD4FF4}
	EndGlobalSection
EndGlobal
