
Microsoft Visual Studio Solution File, Format Version 12.00
# Visual Studio Version 17
VisualStudioVersion = 17.2.32616.157
MinimumVisualStudioVersion = 10.0.40219.1
Project("{FAE04EC0-301F-11D3-BF4B-00C04F79EFBC}") = "DivisibleSumPairs", "DivisibleSumPairs\DivisibleSumPairs.csproj", "{08657D55-8930-462C-9FF3-14FAB04BC5BE}"
EndProject
Global
	GlobalSection(SolutionConfigurationPlatforms) = preSolution
		Debug|Any CPU = Debug|Any CPU
		Release|Any CPU = Release|Any CPU
	EndGlobalSection
	GlobalSection(ProjectConfigurationPlatforms) = postSolution
		{08657D55-8930-462C-9FF3-14FAB04BC5BE}.Debug|Any CPU.ActiveCfg = Debug|Any CPU
		{08657D55-8930-462C-9FF3-14FAB04BC5BE}.Debug|Any CPU.Build.0 = Debug|Any CPU
		{08657D55-8930-462C-9FF3-14FAB04BC5BE}.Release|Any CPU.ActiveCfg = Release|Any CPU
		{08657D55-8930-462C-9FF3-14FAB04BC5BE}.Release|Any CPU.Build.0 = Release|Any CPU
	EndGlobalSection
	GlobalSection(SolutionProperties) = preSolution
		HideSolutionNode = FALSE
	EndGlobalSection
	GlobalSection(ExtensibilityGlobals) = postSolution
		SolutionGuid = {04B38342-6BD2-47F4-911B-4D8280321ABD}
	EndGlobalSection
EndGlobal
