
Microsoft Visual Studio Solution File, Format Version 12.00
# Visual Studio Version 17
VisualStudioVersion = 17.2.32616.157
MinimumVisualStudioVersion = 10.0.40219.1
Project("{FAE04EC0-301F-11D3-BF4B-00C04F79EFBC}") = "MiniMaxSum", "MiniMaxSum\MiniMaxSum.csproj", "{D5A6D541-1670-49F7-970F-609F81E57E58}"
EndProject
Global
	GlobalSection(SolutionConfigurationPlatforms) = preSolution
		Debug|Any CPU = Debug|Any CPU
		Release|Any CPU = Release|Any CPU
	EndGlobalSection
	GlobalSection(ProjectConfigurationPlatforms) = postSolution
		{D5A6D541-1670-49F7-970F-609F81E57E58}.Debug|Any CPU.ActiveCfg = Debug|Any CPU
		{D5A6D541-1670-49F7-970F-609F81E57E58}.Debug|Any CPU.Build.0 = Debug|Any CPU
		{D5A6D541-1670-49F7-970F-609F81E57E58}.Release|Any CPU.ActiveCfg = Release|Any CPU
		{D5A6D541-1670-49F7-970F-609F81E57E58}.Release|Any CPU.Build.0 = Release|Any CPU
	EndGlobalSection
	GlobalSection(SolutionProperties) = preSolution
		HideSolutionNode = FALSE
	EndGlobalSection
	GlobalSection(ExtensibilityGlobals) = postSolution
		SolutionGuid = {A706D022-ED42-4F38-8F3F-F3B8BBD5FC8D}
	EndGlobalSection
EndGlobal
