
Microsoft Visual Studio Solution File, Format Version 12.00
# Visual Studio Version 17
VisualStudioVersion = 17.2.32616.157
MinimumVisualStudioVersion = 10.0.40219.1
Project("{FAE04EC0-301F-11D3-BF4B-00C04F79EFBC}") = "HackerRankInAString!", "HackerRankInAString!\HackerRankInAString!.csproj", "{11824645-F230-42B4-9A27-FFF2B1C1AD44}"
EndProject
Global
	GlobalSection(SolutionConfigurationPlatforms) = preSolution
		Debug|Any CPU = Debug|Any CPU
		Release|Any CPU = Release|Any CPU
	EndGlobalSection
	GlobalSection(ProjectConfigurationPlatforms) = postSolution
		{11824645-F230-42B4-9A27-FFF2B1C1AD44}.Debug|Any CPU.ActiveCfg = Debug|Any CPU
		{11824645-F230-42B4-9A27-FFF2B1C1AD44}.Debug|Any CPU.Build.0 = Debug|Any CPU
		{11824645-F230-42B4-9A27-FFF2B1C1AD44}.Release|Any CPU.ActiveCfg = Release|Any CPU
		{11824645-F230-42B4-9A27-FFF2B1C1AD44}.Release|Any CPU.Build.0 = Release|Any CPU
	EndGlobalSection
	GlobalSection(SolutionProperties) = preSolution
		HideSolutionNode = FALSE
	EndGlobalSection
	GlobalSection(ExtensibilityGlobals) = postSolution
		SolutionGuid = {DEFBF9D1-8D2F-4D9B-B7DA-823C127040B7}
	EndGlobalSection
EndGlobal
