
Microsoft Visual Studio Solution File, Format Version 12.00
# Visual Studio Version 17
VisualStudioVersion = 17.2.32616.157
MinimumVisualStudioVersion = 10.0.40219.1
Project("{FAE04EC0-301F-11D3-BF4B-00C04F79EFBC}") = "PalindromeIndex", "PalindromeIndex\PalindromeIndex.csproj", "{807D83FD-D0A3-40F1-A276-FB085B4F611B}"
EndProject
Global
	GlobalSection(SolutionConfigurationPlatforms) = preSolution
		Debug|Any CPU = Debug|Any CPU
		Release|Any CPU = Release|Any CPU
	EndGlobalSection
	GlobalSection(ProjectConfigurationPlatforms) = postSolution
		{807D83FD-D0A3-40F1-A276-FB085B4F611B}.Debug|Any CPU.ActiveCfg = Debug|Any CPU
		{807D83FD-D0A3-40F1-A276-FB085B4F611B}.Debug|Any CPU.Build.0 = Debug|Any CPU
		{807D83FD-D0A3-40F1-A276-FB085B4F611B}.Release|Any CPU.ActiveCfg = Release|Any CPU
		{807D83FD-D0A3-40F1-A276-FB085B4F611B}.Release|Any CPU.Build.0 = Release|Any CPU
	EndGlobalSection
	GlobalSection(SolutionProperties) = preSolution
		HideSolutionNode = FALSE
	EndGlobalSection
	GlobalSection(ExtensibilityGlobals) = postSolution
		SolutionGuid = {FFFF91E6-6552-4E13-8031-D0E9D94B3360}
	EndGlobalSection
EndGlobal
