
Microsoft Visual Studio Solution File, Format Version 12.00
# Visual Studio Version 17
VisualStudioVersion = 17.2.32616.157
MinimumVisualStudioVersion = 10.0.40219.1
Project("{FAE04EC0-301F-11D3-BF4B-00C04F79EFBC}") = "TimeConversion", "TimeConversion\TimeConversion.csproj", "{2C0FCC57-3239-4BBB-A654-7FCAB649D396}"
EndProject
Global
	GlobalSection(SolutionConfigurationPlatforms) = preSolution
		Debug|Any CPU = Debug|Any CPU
		Release|Any CPU = Release|Any CPU
	EndGlobalSection
	GlobalSection(ProjectConfigurationPlatforms) = postSolution
		{2C0FCC57-3239-4BBB-A654-7FCAB649D396}.Debug|Any CPU.ActiveCfg = Debug|Any CPU
		{2C0FCC57-3239-4BBB-A654-7FCAB649D396}.Debug|Any CPU.Build.0 = Debug|Any CPU
		{2C0FCC57-3239-4BBB-A654-7FCAB649D396}.Release|Any CPU.ActiveCfg = Release|Any CPU
		{2C0FCC57-3239-4BBB-A654-7FCAB649D396}.Release|Any CPU.Build.0 = Release|Any CPU
	EndGlobalSection
	GlobalSection(SolutionProperties) = preSolution
		HideSolutionNode = FALSE
	EndGlobalSection
	GlobalSection(ExtensibilityGlobals) = postSolution
		SolutionGuid = {1D4BD46D-CFB7-4C42-80F3-7B7BFC5EBF45}
	EndGlobalSection
EndGlobal
