
Microsoft Visual Studio Solution File, Format Version 12.00
# Visual Studio Version 17
VisualStudioVersion = 17.2.32616.157
MinimumVisualStudioVersion = 10.0.40219.1
Project("{FAE04EC0-301F-11D3-BF4B-00C04F79EFBC}") = "SiniflarAlistirma", "SiniflarAlistirma\SiniflarAlistirma.csproj", "{809F8327-21A0-45CA-9EAD-4C98761CFD50}"
EndProject
Global
	GlobalSection(SolutionConfigurationPlatforms) = preSolution
		Debug|Any CPU = Debug|Any CPU
		Release|Any CPU = Release|Any CPU
	EndGlobalSection
	GlobalSection(ProjectConfigurationPlatforms) = postSolution
		{809F8327-21A0-45CA-9EAD-4C98761CFD50}.Debug|Any CPU.ActiveCfg = Debug|Any CPU
		{809F8327-21A0-45CA-9EAD-4C98761CFD50}.Debug|Any CPU.Build.0 = Debug|Any CPU
		{809F8327-21A0-45CA-9EAD-4C98761CFD50}.Release|Any CPU.ActiveCfg = Release|Any CPU
		{809F8327-21A0-45CA-9EAD-4C98761CFD50}.Release|Any CPU.Build.0 = Release|Any CPU
	EndGlobalSection
	GlobalSection(SolutionProperties) = preSolution
		HideSolutionNode = FALSE
	EndGlobalSection
	GlobalSection(ExtensibilityGlobals) = postSolution
		SolutionGuid = {50E8DBA8-7FE3-49CA-80BE-7F49F151F500}
	EndGlobalSection
EndGlobal
