
Microsoft Visual Studio Solution File, Format Version 12.00
# Visual Studio Version 17
VisualStudioVersion = 17.2.32616.157
MinimumVisualStudioVersion = 10.0.40219.1
Project("{FAE04EC0-301F-11D3-BF4B-00C04F79EFBC}") = "SimpleArraySum", "SimpleArraySum\SimpleArraySum.csproj", "{952A23D5-F739-4B62-97BE-7CD8F64FE9E6}"
EndProject
Global
	GlobalSection(SolutionConfigurationPlatforms) = preSolution
		Debug|Any CPU = Debug|Any CPU
		Release|Any CPU = Release|Any CPU
	EndGlobalSection
	GlobalSection(ProjectConfigurationPlatforms) = postSolution
		{952A23D5-F739-4B62-97BE-7CD8F64FE9E6}.Debug|Any CPU.ActiveCfg = Debug|Any CPU
		{952A23D5-F739-4B62-97BE-7CD8F64FE9E6}.Debug|Any CPU.Build.0 = Debug|Any CPU
		{952A23D5-F739-4B62-97BE-7CD8F64FE9E6}.Release|Any CPU.ActiveCfg = Release|Any CPU
		{952A23D5-F739-4B62-97BE-7CD8F64FE9E6}.Release|Any CPU.Build.0 = Release|Any CPU
	EndGlobalSection
	GlobalSection(SolutionProperties) = preSolution
		HideSolutionNode = FALSE
	EndGlobalSection
	GlobalSection(ExtensibilityGlobals) = postSolution
		SolutionGuid = {C43609C4-17C2-4B5A-A1E6-096972C703F6}
	EndGlobalSection
EndGlobal
