
Microsoft Visual Studio Solution File, Format Version 12.00
# Visual Studio Version 17
VisualStudioVersion = 17.2.32616.157
MinimumVisualStudioVersion = 10.0.40219.1
Project("{FAE04EC0-301F-11D3-BF4B-00C04F79EFBC}") = "AlternatingCharacters", "AlternatingCharacters\AlternatingCharacters.csproj", "{7D9BD31A-B0F3-46A5-AE1A-19F111DFB979}"
EndProject
Global
	GlobalSection(SolutionConfigurationPlatforms) = preSolution
		Debug|Any CPU = Debug|Any CPU
		Release|Any CPU = Release|Any CPU
	EndGlobalSection
	GlobalSection(ProjectConfigurationPlatforms) = postSolution
		{7D9BD31A-B0F3-46A5-AE1A-19F111DFB979}.Debug|Any CPU.ActiveCfg = Debug|Any CPU
		{7D9BD31A-B0F3-46A5-AE1A-19F111DFB979}.Debug|Any CPU.Build.0 = Debug|Any CPU
		{7D9BD31A-B0F3-46A5-AE1A-19F111DFB979}.Release|Any CPU.ActiveCfg = Release|Any CPU
		{7D9BD31A-B0F3-46A5-AE1A-19F111DFB979}.Release|Any CPU.Build.0 = Release|Any CPU
	EndGlobalSection
	GlobalSection(SolutionProperties) = preSolution
		HideSolutionNode = FALSE
	EndGlobalSection
	GlobalSection(ExtensibilityGlobals) = postSolution
		SolutionGuid = {950F3C74-9202-482A-B9A4-B713136062C9}
	EndGlobalSection
EndGlobal
