
Microsoft Visual Studio Solution File, Format Version 12.00
# Visual Studio Version 17
VisualStudioVersion = 17.2.32616.157
MinimumVisualStudioVersion = 10.0.40219.1
Project("{FAE04EC0-301F-11D3-BF4B-00C04F79EFBC}") = "Static", "Static\Static.csproj", "{C9225F0F-91BA-41CC-BA5F-5235F9F9D5A8}"
EndProject
Global
	GlobalSection(SolutionConfigurationPlatforms) = preSolution
		Debug|Any CPU = Debug|Any CPU
		Release|Any CPU = Release|Any CPU
	EndGlobalSection
	GlobalSection(ProjectConfigurationPlatforms) = postSolution
		{C9225F0F-91BA-41CC-BA5F-5235F9F9D5A8}.Debug|Any CPU.ActiveCfg = Debug|Any CPU
		{C9225F0F-91BA-41CC-BA5F-5235F9F9D5A8}.Debug|Any CPU.Build.0 = Debug|Any CPU
		{C9225F0F-91BA-41CC-BA5F-5235F9F9D5A8}.Release|Any CPU.ActiveCfg = Release|Any CPU
		{C9225F0F-91BA-41CC-BA5F-5235F9F9D5A8}.Release|Any CPU.Build.0 = Release|Any CPU
	EndGlobalSection
	GlobalSection(SolutionProperties) = preSolution
		HideSolutionNode = FALSE
	EndGlobalSection
	GlobalSection(ExtensibilityGlobals) = postSolution
		SolutionGuid = {309095D8-048E-42D1-86F0-0353192444FF}
	EndGlobalSection
EndGlobal
