
Microsoft Visual Studio Solution File, Format Version 12.00
# Visual Studio Version 17
VisualStudioVersion = 17.2.32616.157
MinimumVisualStudioVersion = 10.0.40219.1
Project("{FAE04EC0-301F-11D3-BF4B-00C04F79EFBC}") = "CountingSort2", "CountingSort2\CountingSort2.csproj", "{B5449AFB-B527-4C72-A77A-2173F021F2D0}"
EndProject
Global
	GlobalSection(SolutionConfigurationPlatforms) = preSolution
		Debug|Any CPU = Debug|Any CPU
		Release|Any CPU = Release|Any CPU
	EndGlobalSection
	GlobalSection(ProjectConfigurationPlatforms) = postSolution
		{B5449AFB-B527-4C72-A77A-2173F021F2D0}.Debug|Any CPU.ActiveCfg = Debug|Any CPU
		{B5449AFB-B527-4C72-A77A-2173F021F2D0}.Debug|Any CPU.Build.0 = Debug|Any CPU
		{B5449AFB-B527-4C72-A77A-2173F021F2D0}.Release|Any CPU.ActiveCfg = Release|Any CPU
		{B5449AFB-B527-4C72-A77A-2173F021F2D0}.Release|Any CPU.Build.0 = Release|Any CPU
	EndGlobalSection
	GlobalSection(SolutionProperties) = preSolution
		HideSolutionNode = FALSE
	EndGlobalSection
	GlobalSection(ExtensibilityGlobals) = postSolution
		SolutionGuid = {EFFC8BFB-50DB-4426-BF96-356C3546EDF1}
	EndGlobalSection
EndGlobal
