
Microsoft Visual Studio Solution File, Format Version 12.00
# Visual Studio Version 17
VisualStudioVersion = 17.2.32616.157
MinimumVisualStudioVersion = 10.0.40219.1
Project("{FAE04EC0-301F-11D3-BF4B-00C04F79EFBC}") = "AppleAndOrange", "AppleAndOrange\AppleAndOrange.csproj", "{164DEF67-62F4-403B-9E9C-399847B21BAD}"
EndProject
Global
	GlobalSection(SolutionConfigurationPlatforms) = preSolution
		Debug|Any CPU = Debug|Any CPU
		Release|Any CPU = Release|Any CPU
	EndGlobalSection
	GlobalSection(ProjectConfigurationPlatforms) = postSolution
		{164DEF67-62F4-403B-9E9C-399847B21BAD}.Debug|Any CPU.ActiveCfg = Debug|Any CPU
		{164DEF67-62F4-403B-9E9C-399847B21BAD}.Debug|Any CPU.Build.0 = Debug|Any CPU
		{164DEF67-62F4-403B-9E9C-399847B21BAD}.Release|Any CPU.ActiveCfg = Release|Any CPU
		{164DEF67-62F4-403B-9E9C-399847B21BAD}.Release|Any CPU.Build.0 = Release|Any CPU
	EndGlobalSection
	GlobalSection(SolutionProperties) = preSolution
		HideSolutionNode = FALSE
	EndGlobalSection
	GlobalSection(ExtensibilityGlobals) = postSolution
		SolutionGuid = {08D5F168-5D04-44B6-9929-12112FB036D0}
	EndGlobalSection
EndGlobal
