
Microsoft Visual Studio Solution File, Format Version 12.00
# Visual Studio Version 17
VisualStudioVersion = 17.2.32616.157
MinimumVisualStudioVersion = 10.0.40219.1
Project("{FAE04EC0-301F-11D3-BF4B-00C04F79EFBC}") = "FunnyString", "FunnyString\FunnyString.csproj", "{DF80567A-844F-4AA6-AB2A-22410DFD1A6A}"
EndProject
Global
	GlobalSection(SolutionConfigurationPlatforms) = preSolution
		Debug|Any CPU = Debug|Any CPU
		Release|Any CPU = Release|Any CPU
	EndGlobalSection
	GlobalSection(ProjectConfigurationPlatforms) = postSolution
		{DF80567A-844F-4AA6-AB2A-22410DFD1A6A}.Debug|Any CPU.ActiveCfg = Debug|Any CPU
		{DF80567A-844F-4AA6-AB2A-22410DFD1A6A}.Debug|Any CPU.Build.0 = Debug|Any CPU
		{DF80567A-844F-4AA6-AB2A-22410DFD1A6A}.Release|Any CPU.ActiveCfg = Release|Any CPU
		{DF80567A-844F-4AA6-AB2A-22410DFD1A6A}.Release|Any CPU.Build.0 = Release|Any CPU
	EndGlobalSection
	GlobalSection(SolutionProperties) = preSolution
		HideSolutionNode = FALSE
	EndGlobalSection
	GlobalSection(ExtensibilityGlobals) = postSolution
		SolutionGuid = {62087ED1-C2DF-4510-A071-90008C5C5F82}
	EndGlobalSection
EndGlobal
