
Microsoft Visual Studio Solution File, Format Version 12.00
# Visual Studio Version 17
VisualStudioVersion = 17.2.32616.157
MinimumVisualStudioVersion = 10.0.40219.1
Project("{FAE04EC0-301F-11D3-BF4B-00C04F79EFBC}") = "StringDonusumu", "StringDonusumu\StringDonusumu.csproj", "{652CD7E4-1CEA-4892-BFCD-3E603D9F10DA}"
EndProject
Global
	GlobalSection(SolutionConfigurationPlatforms) = preSolution
		Debug|Any CPU = Debug|Any CPU
		Release|Any CPU = Release|Any CPU
	EndGlobalSection
	GlobalSection(ProjectConfigurationPlatforms) = postSolution
		{652CD7E4-1CEA-4892-BFCD-3E603D9F10DA}.Debug|Any CPU.ActiveCfg = Debug|Any CPU
		{652CD7E4-1CEA-4892-BFCD-3E603D9F10DA}.Debug|Any CPU.Build.0 = Debug|Any CPU
		{652CD7E4-1CEA-4892-BFCD-3E603D9F10DA}.Release|Any CPU.ActiveCfg = Release|Any CPU
		{652CD7E4-1CEA-4892-BFCD-3E603D9F10DA}.Release|Any CPU.Build.0 = Release|Any CPU
	EndGlobalSection
	GlobalSection(SolutionProperties) = preSolution
		HideSolutionNode = FALSE
	EndGlobalSection
	GlobalSection(ExtensibilityGlobals) = postSolution
		SolutionGuid = {E687BCFD-A5F9-435D-8E62-F9D442F65D6A}
	EndGlobalSection
EndGlobal
