
Microsoft Visual Studio Solution File, Format Version 12.00
# Visual Studio Version 17
VisualStudioVersion = 17.2.32616.157
MinimumVisualStudioVersion = 10.0.40219.1
Project("{FAE04EC0-301F-11D3-BF4B-00C04F79EFBC}") = "InnerType", "InnerType\InnerType.csproj", "{B4B5EABE-4E44-4853-8E30-E3CF3C144A01}"
EndProject
Global
	GlobalSection(SolutionConfigurationPlatforms) = preSolution
		Debug|Any CPU = Debug|Any CPU
		Release|Any CPU = Release|Any CPU
	EndGlobalSection
	GlobalSection(ProjectConfigurationPlatforms) = postSolution
		{B4B5EABE-4E44-4853-8E30-E3CF3C144A01}.Debug|Any CPU.ActiveCfg = Debug|Any CPU
		{B4B5EABE-4E44-4853-8E30-E3CF3C144A01}.Debug|Any CPU.Build.0 = Debug|Any CPU
		{B4B5EABE-4E44-4853-8E30-E3CF3C144A01}.Release|Any CPU.ActiveCfg = Release|Any CPU
		{B4B5EABE-4E44-4853-8E30-E3CF3C144A01}.Release|Any CPU.Build.0 = Release|Any CPU
	EndGlobalSection
	GlobalSection(SolutionProperties) = preSolution
		HideSolutionNode = FALSE
	EndGlobalSection
	GlobalSection(ExtensibilityGlobals) = postSolution
		SolutionGuid = {7F9D760C-FF56-42D2-BC9F-5A44E6D31935}
	EndGlobalSection
EndGlobal
