
Microsoft Visual Studio Solution File, Format Version 12.00
# Visual Studio Version 17
VisualStudioVersion = 17.2.32616.157
MinimumVisualStudioVersion = 10.0.40219.1
Project("{FAE04EC0-301F-11D3-BF4B-00C04F79EFBC}") = "AritmetikselOperatorAlistirma1", "AritmetikselOperatorAlistirma1\AritmetikselOperatorAlistirma1.csproj", "{75F8BB0C-B797-48EC-AC3E-C02E17AFFCB8}"
EndProject
Global
	GlobalSection(SolutionConfigurationPlatforms) = preSolution
		Debug|Any CPU = Debug|Any CPU
		Release|Any CPU = Release|Any CPU
	EndGlobalSection
	GlobalSection(ProjectConfigurationPlatforms) = postSolution
		{75F8BB0C-B797-48EC-AC3E-C02E17AFFCB8}.Debug|Any CPU.ActiveCfg = Debug|Any CPU
		{75F8BB0C-B797-48EC-AC3E-C02E17AFFCB8}.Debug|Any CPU.Build.0 = Debug|Any CPU
		{75F8BB0C-B797-48EC-AC3E-C02E17AFFCB8}.Release|Any CPU.ActiveCfg = Release|Any CPU
		{75F8BB0C-B797-48EC-AC3E-C02E17AFFCB8}.Release|Any CPU.Build.0 = Release|Any CPU
	EndGlobalSection
	GlobalSection(SolutionProperties) = preSolution
		HideSolutionNode = FALSE
	EndGlobalSection
	GlobalSection(ExtensibilityGlobals) = postSolution
		SolutionGuid = {5E8FD632-E48A-40C2-AE6F-FD08C27CEB77}
	EndGlobalSection
EndGlobal
