
Microsoft Visual Studio Solution File, Format Version 12.00
# Visual Studio Version 17
VisualStudioVersion = 17.2.32616.157
MinimumVisualStudioVersion = 10.0.40219.1
Project("{FAE04EC0-301F-11D3-BF4B-00C04F79EFBC}") = "KararYapilariAlistirmalar1", "KararYapilariAlistirmalar1\KararYapilariAlistirmalar1.csproj", "{75E7F19B-10CF-4054-B098-C93DC005F2EA}"
EndProject
Global
	GlobalSection(SolutionConfigurationPlatforms) = preSolution
		Debug|Any CPU = Debug|Any CPU
		Release|Any CPU = Release|Any CPU
	EndGlobalSection
	GlobalSection(ProjectConfigurationPlatforms) = postSolution
		{75E7F19B-10CF-4054-B098-C93DC005F2EA}.Debug|Any CPU.ActiveCfg = Debug|Any CPU
		{75E7F19B-10CF-4054-B098-C93DC005F2EA}.Debug|Any CPU.Build.0 = Debug|Any CPU
		{75E7F19B-10CF-4054-B098-C93DC005F2EA}.Release|Any CPU.ActiveCfg = Release|Any CPU
		{75E7F19B-10CF-4054-B098-C93DC005F2EA}.Release|Any CPU.Build.0 = Release|Any CPU
	EndGlobalSection
	GlobalSection(SolutionProperties) = preSolution
		HideSolutionNode = FALSE
	EndGlobalSection
	GlobalSection(ExtensibilityGlobals) = postSolution
		SolutionGuid = {1732F7B6-B488-4B97-9B71-E1B53724BE30}
	EndGlobalSection
EndGlobal
