
Microsoft Visual Studio Solution File, Format Version 12.00
# Visual Studio Version 17
VisualStudioVersion = 17.2.32616.157
MinimumVisualStudioVersion = 10.0.40219.1
Project("{FAE04EC0-301F-11D3-BF4B-00C04F79EFBC}") = "KararYapilariAlistirmalar3", "KararYapilariAlistirmalar3\KararYapilariAlistirmalar3.csproj", "{44BADF49-4492-4991-95A4-80B6081AB7FA}"
EndProject
Global
	GlobalSection(SolutionConfigurationPlatforms) = preSolution
		Debug|Any CPU = Debug|Any CPU
		Release|Any CPU = Release|Any CPU
	EndGlobalSection
	GlobalSection(ProjectConfigurationPlatforms) = postSolution
		{44BADF49-4492-4991-95A4-80B6081AB7FA}.Debug|Any CPU.ActiveCfg = Debug|Any CPU
		{44BADF49-4492-4991-95A4-80B6081AB7FA}.Debug|Any CPU.Build.0 = Debug|Any CPU
		{44BADF49-4492-4991-95A4-80B6081AB7FA}.Release|Any CPU.ActiveCfg = Release|Any CPU
		{44BADF49-4492-4991-95A4-80B6081AB7FA}.Release|Any CPU.Build.0 = Release|Any CPU
	EndGlobalSection
	GlobalSection(SolutionProperties) = preSolution
		HideSolutionNode = FALSE
	EndGlobalSection
	GlobalSection(ExtensibilityGlobals) = postSolution
		SolutionGuid = {1DB56DB4-423E-43E0-A2DA-1E5873E569D4}
	EndGlobalSection
EndGlobal
