
Microsoft Visual Studio Solution File, Format Version 12.00
# Visual Studio Version 17
VisualStudioVersion = 17.2.32616.157
MinimumVisualStudioVersion = 10.0.40219.1
Project("{FAE04EC0-301F-11D3-BF4B-00C04F79EFBC}") = "ListGeneric", "ListGeneric\ListGeneric.csproj", "{19014D93-AA44-4525-8E33-828C787A2906}"
EndProject
Global
	GlobalSection(SolutionConfigurationPlatforms) = preSolution
		Debug|Any CPU = Debug|Any CPU
		Release|Any CPU = Release|Any CPU
	EndGlobalSection
	GlobalSection(ProjectConfigurationPlatforms) = postSolution
		{19014D93-AA44-4525-8E33-828C787A2906}.Debug|Any CPU.ActiveCfg = Debug|Any CPU
		{19014D93-AA44-4525-8E33-828C787A2906}.Debug|Any CPU.Build.0 = Debug|Any CPU
		{19014D93-AA44-4525-8E33-828C787A2906}.Release|Any CPU.ActiveCfg = Release|Any CPU
		{19014D93-AA44-4525-8E33-828C787A2906}.Release|Any CPU.Build.0 = Release|Any CPU
	EndGlobalSection
	GlobalSection(SolutionProperties) = preSolution
		HideSolutionNode = FALSE
	EndGlobalSection
	GlobalSection(ExtensibilityGlobals) = postSolution
		SolutionGuid = {D168C670-2D28-482C-9D03-05E36E8B1351}
	EndGlobalSection
EndGlobal
