
Microsoft Visual Studio Solution File, Format Version 12.00
# Visual Studio Version 17
VisualStudioVersion = 17.2.32616.157
MinimumVisualStudioVersion = 10.0.40219.1
Project("{FAE04EC0-301F-11D3-BF4B-00C04F79EFBC}") = "SanalMetot", "SanalMetot\SanalMetot.csproj", "{61314A62-A905-4919-95F1-E399755D2BD9}"
EndProject
Global
	GlobalSection(SolutionConfigurationPlatforms) = preSolution
		Debug|Any CPU = Debug|Any CPU
		Release|Any CPU = Release|Any CPU
	EndGlobalSection
	GlobalSection(ProjectConfigurationPlatforms) = postSolution
		{61314A62-A905-4919-95F1-E399755D2BD9}.Debug|Any CPU.ActiveCfg = Debug|Any CPU
		{61314A62-A905-4919-95F1-E399755D2BD9}.Debug|Any CPU.Build.0 = Debug|Any CPU
		{61314A62-A905-4919-95F1-E399755D2BD9}.Release|Any CPU.ActiveCfg = Release|Any CPU
		{61314A62-A905-4919-95F1-E399755D2BD9}.Release|Any CPU.Build.0 = Release|Any CPU
	EndGlobalSection
	GlobalSection(SolutionProperties) = preSolution
		HideSolutionNode = FALSE
	EndGlobalSection
	GlobalSection(ExtensibilityGlobals) = postSolution
		SolutionGuid = {6705E411-1703-4259-8DA6-B1CBC024782D}
	EndGlobalSection
EndGlobal
