
Microsoft Visual Studio Solution File, Format Version 12.00
# Visual Studio Version 17
VisualStudioVersion = 17.2.32616.157
MinimumVisualStudioVersion = 10.0.40219.1
Project("{FAE04EC0-301F-11D3-BF4B-00C04F79EFBC}") = "KalitimOdev", "KalitimOdev\KalitimOdev.csproj", "{7D12F22D-4142-4CA0-9840-5CB4E27EE869}"
EndProject
Global
	GlobalSection(SolutionConfigurationPlatforms) = preSolution
		Debug|Any CPU = Debug|Any CPU
		Release|Any CPU = Release|Any CPU
	EndGlobalSection
	GlobalSection(ProjectConfigurationPlatforms) = postSolution
		{7D12F22D-4142-4CA0-9840-5CB4E27EE869}.Debug|Any CPU.ActiveCfg = Debug|Any CPU
		{7D12F22D-4142-4CA0-9840-5CB4E27EE869}.Debug|Any CPU.Build.0 = Debug|Any CPU
		{7D12F22D-4142-4CA0-9840-5CB4E27EE869}.Release|Any CPU.ActiveCfg = Release|Any CPU
		{7D12F22D-4142-4CA0-9840-5CB4E27EE869}.Release|Any CPU.Build.0 = Release|Any CPU
	EndGlobalSection
	GlobalSection(SolutionProperties) = preSolution
		HideSolutionNode = FALSE
	EndGlobalSection
	GlobalSection(ExtensibilityGlobals) = postSolution
		SolutionGuid = {F5BB34F1-502E-4142-B95B-128539DED628}
	EndGlobalSection
EndGlobal
